
Microsoft Visual Studio Solution File, Format Version 12.00
# Visual Studio Version 16
VisualStudioVersion = 16.0.33423.256
MinimumVisualStudioVersion = 10.0.40219.1
Project("{FAE04EC0-301F-11D3-BF4B-00C04F79EFBC}") = "ModalModelessPrac", "ModalModelessPrac\ModalModelessPrac.csproj", "{158278EA-DA9D-4FC0-A6A8-138795DF30A8}"
EndProject
Global
	GlobalSection(SolutionConfigurationPlatforms) = preSolution
		Debug|Any CPU = Debug|Any CPU
		Release|Any CPU = Release|Any CPU
	EndGlobalSection
	GlobalSection(ProjectConfigurationPlatforms) = postSolution
		{158278EA-DA9D-4FC0-A6A8-138795DF30A8}.Debug|Any CPU.ActiveCfg = Debug|Any CPU
		{158278EA-DA9D-4FC0-A6A8-138795DF30A8}.Debug|Any CPU.Build.0 = Debug|Any CPU
		{158278EA-DA9D-4FC0-A6A8-138795DF30A8}.Release|Any CPU.ActiveCfg = Release|Any CPU
		{158278EA-DA9D-4FC0-A6A8-138795DF30A8}.Release|Any CPU.Build.0 = Release|Any CPU
	EndGlobalSection
	GlobalSection(SolutionProperties) = preSolution
		HideSolutionNode = FALSE
	EndGlobalSection
	GlobalSection(ExtensibilityGlobals) = postSolution
		SolutionGuid = {D462B61A-0109-49F0-BA31-D8E58AA4562B}
	EndGlobalSection
EndGlobal
